// !$*UTF8*$!
{
	archiveVersion = 1;
	classes = {
	};
	objectVersion = 46;
	objects = {

/* Begin PBXBuildFile section */
		725DD412183FEB80004EAA92 /* Foundation.framework in Frameworks */ = {isa = PBXBuildFile; fileRef = 725DD411183FEB80004EAA92 /* Foundation.framework */; };
		725DD414183FEB80004EAA92 /* CoreGraphics.framework in Frameworks */ = {isa = PBXBuildFile; fileRef = 725DD413183FEB80004EAA92 /* CoreGraphics.framework */; };
		725DD416183FEB80004EAA92 /* UIKit.framework in Frameworks */ = {isa = PBXBuildFile; fileRef = 725DD415183FEB80004EAA92 /* UIKit.framework */; };
		725DD418183FEB80004EAA92 /* CoreData.framework in Frameworks */ = {isa = PBXBuildFile; fileRef = 725DD417183FEB80004EAA92 /* CoreData.framework */; };
		725DD41E183FEB80004EAA92 /* InfoPlist.strings in Resources */ = {isa = PBXBuildFile; fileRef = 725DD41C183FEB80004EAA92 /* InfoPlist.strings */; };
		725DD420183FEB80004EAA92 /* main.m in Sources */ = {isa = PBXBuildFile; fileRef = 725DD41F183FEB80004EAA92 /* main.m */; };
		725DD424183FEB80004EAA92 /* iC2AppDelegate.m in Sources */ = {isa = PBXBuildFile; fileRef = 725DD423183FEB80004EAA92 /* iC2AppDelegate.m */; };
		725DD427183FEB80004EAA92 /* Main_iPhone.storyboard in Resources */ = {isa = PBXBuildFile; fileRef = 725DD425183FEB80004EAA92 /* Main_iPhone.storyboard */; };
		725DD42A183FEB80004EAA92 /* Main_iPad.storyboard in Resources */ = {isa = PBXBuildFile; fileRef = 725DD428183FEB80004EAA92 /* Main_iPad.storyboard */; };
		725DD42D183FEB80004EAA92 /* iCounselor2.xcdatamodeld in Sources */ = {isa = PBXBuildFile; fileRef = 725DD42B183FEB80004EAA92 /* iCounselor2.xcdatamodeld */; };
		725DD430183FEB80004EAA92 /* iC2MasterViewController.m in Sources */ = {isa = PBXBuildFile; fileRef = 725DD42F183FEB80004EAA92 /* iC2MasterViewController.m */; };
		725DD433183FEB80004EAA92 /* iC2DetailViewController.m in Sources */ = {isa = PBXBuildFile; fileRef = 725DD432183FEB80004EAA92 /* iC2DetailViewController.m */; };
		725DD435183FEB80004EAA92 /* Images.xcassets in Resources */ = {isa = PBXBuildFile; fileRef = 725DD434183FEB80004EAA92 /* Images.xcassets */; };
		725DD43C183FEB81004EAA92 /* XCTest.framework in Frameworks */ = {isa = PBXBuildFile; fileRef = 725DD43B183FEB81004EAA92 /* XCTest.framework */; };
		725DD43D183FEB81004EAA92 /* Foundation.framework in Frameworks */ = {isa = PBXBuildFile; fileRef = 725DD411183FEB80004EAA92 /* Foundation.framework */; };
		725DD43E183FEB81004EAA92 /* UIKit.framework in Frameworks */ = {isa = PBXBuildFile; fileRef = 725DD415183FEB80004EAA92 /* UIKit.framework */; };
		725DD43F183FEB81004EAA92 /* CoreData.framework in Frameworks */ = {isa = PBXBuildFile; fileRef = 725DD417183FEB80004EAA92 /* CoreData.framework */; };
		725DD447183FEB81004EAA92 /* InfoPlist.strings in Resources */ = {isa = PBXBuildFile; fileRef = 725DD445183FEB81004EAA92 /* InfoPlist.strings */; };
		725DD449183FEB81004EAA92 /* iCounselor2Tests.m in Sources */ = {isa = PBXBuildFile; fileRef = 725DD448183FEB81004EAA92 /* iCounselor2Tests.m */; };
		725DD454183FEDE3004EAA92 /* ClassInfo.m in Sources */ = {isa = PBXBuildFile; fileRef = 725DD453183FEDE3004EAA92 /* ClassInfo.m */; };
		725DD457183FEDEE004EAA92 /* ClassTags.m in Sources */ = {isa = PBXBuildFile; fileRef = 725DD456183FEDEE004EAA92 /* ClassTags.m */; };
		725DD45A183FEDFB004EAA92 /* ClassTaken.m in Sources */ = {isa = PBXBuildFile; fileRef = 725DD459183FEDFB004EAA92 /* ClassTaken.m */; };
/* End PBXBuildFile section */

/* Begin PBXContainerItemProxy section */
		725DD440183FEB81004EAA92 /* PBXContainerItemProxy */ = {
			isa = PBXContainerItemProxy;
			containerPortal = 725DD406183FEB80004EAA92 /* Project object */;
			proxyType = 1;
			remoteGlobalIDString = 725DD40D183FEB80004EAA92;
			remoteInfo = iCounselor2;
		};
/* End PBXContainerItemProxy section */

/* Begin PBXFileReference section */
		725DD40E183FEB80004EAA92 /* iCounselor2.app */ = {isa = PBXFileReference; explicitFileType = wrapper.application; includeInIndex = 0; path = iCounselor2.app; sourceTree = BUILT_PRODUCTS_DIR; };
		725DD411183FEB80004EAA92 /* Foundation.framework */ = {isa = PBXFileReference; lastKnownFileType = wrapper.framework; name = Foundation.framework; path = System/Library/Frameworks/Foundation.framework; sourceTree = SDKROOT; };
		725DD413183FEB80004EAA92 /* CoreGraphics.framework */ = {isa = PBXFileReference; lastKnownFileType = wrapper.framework; name = CoreGraphics.framework; path = System/Library/Frameworks/CoreGraphics.framework; sourceTree = SDKROOT; };
		725DD415183FEB80004EAA92 /* UIKit.framework */ = {isa = PBXFileReference; lastKnownFileType = wrapper.framework; name = UIKit.framework; path = System/Library/Frameworks/UIKit.framework; sourceTree = SDKROOT; };
		725DD417183FEB80004EAA92 /* CoreData.framework */ = {isa = PBXFileReference; lastKnownFileType = wrapper.framework; name = CoreData.framework; path = System/Library/Frameworks/CoreData.framework; sourceTree = SDKROOT; };
		725DD41B183FEB80004EAA92 /* iCounselor2-Info.plist */ = {isa = PBXFileReference; lastKnownFileType = text.plist.xml; path = "iCounselor2-Info.plist"; sourceTree = "<group>"; };
		725DD41D183FEB80004EAA92 /* en */ = {isa = PBXFileReference; lastKnownFileType = text.plist.strings; name = en; path = en.lproj/InfoPlist.strings; sourceTree = "<group>"; };
		725DD41F183FEB80004EAA92 /* main.m */ = {isa = PBXFileReference; lastKnownFileType = sourcecode.c.objc; path = main.m; sourceTree = "<group>"; };
		725DD421183FEB80004EAA92 /* iCounselor2-Prefix.pch */ = {isa = PBXFileReference; lastKnownFileType = sourcecode.c.h; path = "iCounselor2-Prefix.pch"; sourceTree = "<group>"; };
		725DD422183FEB80004EAA92 /* iC2AppDelegate.h */ = {isa = PBXFileReference; lastKnownFileType = sourcecode.c.h; path = iC2AppDelegate.h; sourceTree = "<group>"; };
		725DD423183FEB80004EAA92 /* iC2AppDelegate.m */ = {isa = PBXFileReference; lastKnownFileType = sourcecode.c.objc; path = iC2AppDelegate.m; sourceTree = "<group>"; };
		725DD426183FEB80004EAA92 /* Base */ = {isa = PBXFileReference; lastKnownFileType = file.storyboard; name = Base; path = Base.lproj/Main_iPhone.storyboard; sourceTree = "<group>"; };
		725DD429183FEB80004EAA92 /* Base */ = {isa = PBXFileReference; lastKnownFileType = file.storyboard; name = Base; path = Base.lproj/Main_iPad.storyboard; sourceTree = "<group>"; };
		725DD42C183FEB80004EAA92 /* iCounselor2.xcdatamodel */ = {isa = PBXFileReference; lastKnownFileType = wrapper.xcdatamodel; path = iCounselor2.xcdatamodel; sourceTree = "<group>"; };
		725DD42E183FEB80004EAA92 /* iC2MasterViewController.h */ = {isa = PBXFileReference; lastKnownFileType = sourcecode.c.h; path = iC2MasterViewController.h; sourceTree = "<group>"; };
		725DD42F183FEB80004EAA92 /* iC2MasterViewController.m */ = {isa = PBXFileReference; lastKnownFileType = sourcecode.c.objc; path = iC2MasterViewController.m; sourceTree = "<group>"; };
		725DD431183FEB80004EAA92 /* iC2DetailViewController.h */ = {isa = PBXFileReference; lastKnownFileType = sourcecode.c.h; path = iC2DetailViewController.h; sourceTree = "<group>"; };
		725DD432183FEB80004EAA92 /* iC2DetailViewController.m */ = {isa = PBXFileReference; lastKnownFileType = sourcecode.c.objc; path = iC2DetailViewController.m; sourceTree = "<group>"; };
		725DD434183FEB80004EAA92 /* Images.xcassets */ = {isa = PBXFileReference; lastKnownFileType = folder.assetcatalog; path = Images.xcassets; sourceTree = "<group>"; };
		725DD43A183FEB81004EAA92 /* iCounselor2Tests.xctest */ = {isa = PBXFileReference; explicitFileType = wrapper.cfbundle; includeInIndex = 0; path = iCounselor2Tests.xctest; sourceTree = BUILT_PRODUCTS_DIR; };
		725DD43B183FEB81004EAA92 /* XCTest.framework */ = {isa = PBXFileReference; lastKnownFileType = wrapper.framework; name = XCTest.framework; path = Library/Frameworks/XCTest.framework; sourceTree = DEVELOPER_DIR; };
		725DD444183FEB81004EAA92 /* iCounselor2Tests-Info.plist */ = {isa = PBXFileReference; lastKnownFileType = text.plist.xml; path = "iCounselor2Tests-Info.plist"; sourceTree = "<group>"; };
		725DD446183FEB81004EAA92 /* en */ = {isa = PBXFileReference; lastKnownFileType = text.plist.strings; name = en; path = en.lproj/InfoPlist.strings; sourceTree = "<group>"; };
		725DD448183FEB81004EAA92 /* iCounselor2Tests.m */ = {isa = PBXFileReference; lastKnownFileType = sourcecode.c.objc; path = iCounselor2Tests.m; sourceTree = "<group>"; };
		725DD452183FEDE3004EAA92 /* ClassInfo.h */ = {isa = PBXFileReference; fileEncoding = 4; lastKnownFileType = sourcecode.c.h; path = ClassInfo.h; sourceTree = "<group>"; };
		725DD453183FEDE3004EAA92 /* ClassInfo.m */ = {isa = PBXFileReference; fileEncoding = 4; lastKnownFileType = sourcecode.c.objc; path = ClassInfo.m; sourceTree = "<group>"; };
		725DD455183FEDEE004EAA92 /* ClassTags.h */ = {isa = PBXFileReference; fileEncoding = 4; lastKnownFileType = sourcecode.c.h; path = ClassTags.h; sourceTree = "<group>"; };
		725DD456183FEDEE004EAA92 /* ClassTags.m */ = {isa = PBXFileReference; fileEncoding = 4; lastKnownFileType = sourcecode.c.objc; path = ClassTags.m; sourceTree = "<group>"; };
		725DD458183FEDFB004EAA92 /* ClassTaken.h */ = {isa = PBXFileReference; fileEncoding = 4; lastKnownFileType = sourcecode.c.h; path = ClassTaken.h; sourceTree = "<group>"; };
		725DD459183FEDFB004EAA92 /* ClassTaken.m */ = {isa = PBXFileReference; fileEncoding = 4; lastKnownFileType = sourcecode.c.objc; path = ClassTaken.m; sourceTree = "<group>"; };
/* End PBXFileReference section */

/* Begin PBXFrameworksBuildPhase section */
		725DD40B183FEB80004EAA92 /* Frameworks */ = {
			isa = PBXFrameworksBuildPhase;
			buildActionMask = 2147483647;
			files = (
				725DD414183FEB80004EAA92 /* CoreGraphics.framework in Frameworks */,
				725DD418183FEB80004EAA92 /* CoreData.framework in Frameworks */,
				725DD416183FEB80004EAA92 /* UIKit.framework in Frameworks */,
				725DD412183FEB80004EAA92 /* Foundation.framework in Frameworks */,
			);
			runOnlyForDeploymentPostprocessing = 0;
		};
		725DD437183FEB81004EAA92 /* Frameworks */ = {
			isa = PBXFrameworksBuildPhase;
			buildActionMask = 2147483647;
			files = (
				725DD43C183FEB81004EAA92 /* XCTest.framework in Frameworks */,
				725DD43F183FEB81004EAA92 /* CoreData.framework in Frameworks */,
				725DD43E183FEB81004EAA92 /* UIKit.framework in Frameworks */,
				725DD43D183FEB81004EAA92 /* Foundation.framework in Frameworks */,
			);
			runOnlyForDeploymentPostprocessing = 0;
		};
/* End PBXFrameworksBuildPhase section */

/* Begin PBXGroup section */
		725DD405183FEB80004EAA92 = {
			isa = PBXGroup;
			children = (
				725DD458183FEDFB004EAA92 /* ClassTaken.h */,
				725DD459183FEDFB004EAA92 /* ClassTaken.m */,
				725DD455183FEDEE004EAA92 /* ClassTags.h */,
				725DD456183FEDEE004EAA92 /* ClassTags.m */,
				725DD419183FEB80004EAA92 /* iCounselor2 */,
				725DD442183FEB81004EAA92 /* iCounselor2Tests */,
				725DD410183FEB80004EAA92 /* Frameworks */,
				725DD40F183FEB80004EAA92 /* Products */,
			);
			sourceTree = "<group>";
		};
		725DD40F183FEB80004EAA92 /* Products */ = {
			isa = PBXGroup;
			children = (
				725DD40E183FEB80004EAA92 /* iCounselor2.app */,
				725DD43A183FEB81004EAA92 /* iCounselor2Tests.xctest */,
			);
			name = Products;
			sourceTree = "<group>";
		};
		725DD410183FEB80004EAA92 /* Frameworks */ = {
			isa = PBXGroup;
			children = (
				725DD411183FEB80004EAA92 /* Foundation.framework */,
				725DD413183FEB80004EAA92 /* CoreGraphics.framework */,
				725DD415183FEB80004EAA92 /* UIKit.framework */,
				725DD417183FEB80004EAA92 /* CoreData.framework */,
				725DD43B183FEB81004EAA92 /* XCTest.framework */,
			);
			name = Frameworks;
			sourceTree = "<group>";
		};
		725DD419183FEB80004EAA92 /* iCounselor2 */ = {
			isa = PBXGroup;
			children = (
				725DD422183FEB80004EAA92 /* iC2AppDelegate.h */,
				725DD423183FEB80004EAA92 /* iC2AppDelegate.m */,
				725DD425183FEB80004EAA92 /* Main_iPhone.storyboard */,
				725DD428183FEB80004EAA92 /* Main_iPad.storyboard */,
				725DD42E183FEB80004EAA92 /* iC2MasterViewController.h */,
				725DD42F183FEB80004EAA92 /* iC2MasterViewController.m */,
				725DD431183FEB80004EAA92 /* iC2DetailViewController.h */,
				725DD432183FEB80004EAA92 /* iC2DetailViewController.m */,
				725DD434183FEB80004EAA92 /* Images.xcassets */,
				725DD42B183FEB80004EAA92 /* iCounselor2.xcdatamodeld */,
				725DD452183FEDE3004EAA92 /* ClassInfo.h */,
				725DD453183FEDE3004EAA92 /* ClassInfo.m */,
				725DD41A183FEB80004EAA92 /* Supporting Files */,
			);
			path = iCounselor2;
			sourceTree = "<group>";
		};
		725DD41A183FEB80004EAA92 /* Supporting Files */ = {
			isa = PBXGroup;
			children = (
				725DD41B183FEB80004EAA92 /* iCounselor2-Info.plist */,
				725DD41C183FEB80004EAA92 /* InfoPlist.strings */,
				725DD41F183FEB80004EAA92 /* main.m */,
				725DD421183FEB80004EAA92 /* iCounselor2-Prefix.pch */,
			);
			name = "Supporting Files";
			sourceTree = "<group>";
		};
		725DD442183FEB81004EAA92 /* iCounselor2Tests */ = {
			isa = PBXGroup;
			children = (
				725DD448183FEB81004EAA92 /* iCounselor2Tests.m */,
				725DD443183FEB81004EAA92 /* Supporting Files */,
			);
			path = iCounselor2Tests;
			sourceTree = "<group>";
		};
		725DD443183FEB81004EAA92 /* Supporting Files */ = {
			isa = PBXGroup;
			children = (
				725DD444183FEB81004EAA92 /* iCounselor2Tests-Info.plist */,
				725DD445183FEB81004EAA92 /* InfoPlist.strings */,
			);
			name = "Supporting Files";
			sourceTree = "<group>";
		};
/* End PBXGroup section */

/* Begin PBXNativeTarget section */
		725DD40D183FEB80004EAA92 /* iCounselor2 */ = {
			isa = PBXNativeTarget;
			buildConfigurationList = 725DD44C183FEB81004EAA92 /* Build configuration list for PBXNativeTarget "iCounselor2" */;
			buildPhases = (
				725DD40A183FEB80004EAA92 /* Sources */,
				725DD40B183FEB80004EAA92 /* Frameworks */,
				725DD40C183FEB80004EAA92 /* Resources */,
			);
			buildRules = (
			);
			dependencies = (
			);
			name = iCounselor2;
			productName = iCounselor2;
			productReference = 725DD40E183FEB80004EAA92 /* iCounselor2.app */;
			productType = "com.apple.product-type.application";
		};
		725DD439183FEB81004EAA92 /* iCounselor2Tests */ = {
			isa = PBXNativeTarget;
			buildConfigurationList = 725DD44F183FEB81004EAA92 /* Build configuration list for PBXNativeTarget "iCounselor2Tests" */;
			buildPhases = (
				725DD436183FEB81004EAA92 /* Sources */,
				725DD437183FEB81004EAA92 /* Frameworks */,
				725DD438183FEB81004EAA92 /* Resources */,
			);
			buildRules = (
			);
			dependencies = (
				725DD441183FEB81004EAA92 /* PBXTargetDependency */,
			);
			name = iCounselor2Tests;
			productName = iCounselor2Tests;
			productReference = 725DD43A183FEB81004EAA92 /* iCounselor2Tests.xctest */;
			productType = "com.apple.product-type.bundle.unit-test";
		};
/* End PBXNativeTarget section */

/* Begin PBXProject section */
		725DD406183FEB80004EAA92 /* Project object */ = {
			isa = PBXProject;
			attributes = {
				CLASSPREFIX = iC2;
				LastUpgradeCheck = 0500;
				ORGANIZATIONNAME = Akron;
				TargetAttributes = {
					725DD439183FEB81004EAA92 = {
						TestTargetID = 725DD40D183FEB80004EAA92;
					};
				};
			};
			buildConfigurationList = 725DD409183FEB80004EAA92 /* Build configuration list for PBXProject "iCounselor2" */;
			compatibilityVersion = "Xcode 3.2";
			developmentRegion = English;
			hasScannedForEncodings = 0;
			knownRegions = (
				en,
				Base,
			);
			mainGroup = 725DD405183FEB80004EAA92;
			productRefGroup = 725DD40F183FEB80004EAA92 /* Products */;
			projectDirPath = "";
			projectRoot = "";
			targets = (
				725DD40D183FEB80004EAA92 /* iCounselor2 */,
				725DD439183FEB81004EAA92 /* iCounselor2Tests */,
			);
		};
/* End PBXProject section */

/* Begin PBXResourcesBuildPhase section */
		725DD40C183FEB80004EAA92 /* Resources */ = {
			isa = PBXResourcesBuildPhase;
			buildActionMask = 2147483647;
			files = (
				725DD42A183FEB80004EAA92 /* Main_iPad.storyboard in Resources */,
				725DD435183FEB80004EAA92 /* Images.xcassets in Resources */,
				725DD427183FEB80004EAA92 /* Main_iPhone.storyboard in Resources */,
				725DD41E183FEB80004EAA92 /* InfoPlist.strings in Resources */,
			);
			runOnlyForDeploymentPostprocessing = 0;
		};
		725DD438183FEB81004EAA92 /* Resources */ = {
			isa = PBXResourcesBuildPhase;
			buildActionMask = 2147483647;
			files = (
				725DD447183FEB81004EAA92 /* InfoPlist.strings in Resources */,
			);
			runOnlyForDeploymentPostprocessing = 0;
		};
/* End PBXResourcesBuildPhase section */

/* Begin PBXSourcesBuildPhase section */
		725DD40A183FEB80004EAA92 /* Sources */ = {
			isa = PBXSourcesBuildPhase;
			buildActionMask = 2147483647;
			files = (
				725DD45A183FEDFB004EAA92 /* ClassTaken.m in Sources */,
				725DD457183FEDEE004EAA92 /* ClassTags.m in Sources */,
				725DD454183FEDE3004EAA92 /* ClassInfo.m in Sources */,
				725DD420183FEB80004EAA92 /* main.m in Sources */,
				725DD430183FEB80004EAA92 /* iC2MasterViewController.m in Sources */,
				725DD424183FEB80004EAA92 /* iC2AppDelegate.m in Sources */,
				725DD433183FEB80004EAA92 /* iC2DetailViewController.m in Sources */,
				725DD42D183FEB80004EAA92 /* iCounselor2.xcdatamodeld in Sources */,
			);
			runOnlyForDeploymentPostprocessing = 0;
		};
		725DD436183FEB81004EAA92 /* Sources */ = {
			isa = PBXSourcesBuildPhase;
			buildActionMask = 2147483647;
			files = (
				725DD449183FEB81004EAA92 /* iCounselor2Tests.m in Sources */,
			);
			runOnlyForDeploymentPostprocessing = 0;
		};
/* End PBXSourcesBuildPhase section */

/* Begin PBXTargetDependency section */
		725DD441183FEB81004EAA92 /* PBXTargetDependency */ = {
			isa = PBXTargetDependency;
			target = 725DD40D183FEB80004EAA92 /* iCounselor2 */;
			targetProxy = 725DD440183FEB81004EAA92 /* PBXContainerItemProxy */;
		};
/* End PBXTargetDependency section */

/* Begin PBXVariantGroup section */
		725DD41C183FEB80004EAA92 /* InfoPlist.strings */ = {
			isa = PBXVariantGroup;
			children = (
				725DD41D183FEB80004EAA92 /* en */,
			);
			name = InfoPlist.strings;
			sourceTree = "<group>";
		};
		725DD425183FEB80004EAA92 /* Main_iPhone.storyboard */ = {
			isa = PBXVariantGroup;
			children = (
				725DD426183FEB80004EAA92 /* Base */,
			);
			name = Main_iPhone.storyboard;
			sourceTree = "<group>";
		};
		725DD428183FEB80004EAA92 /* Main_iPad.storyboard */ = {
			isa = PBXVariantGroup;
			children = (
				725DD429183FEB80004EAA92 /* Base */,
			);
			name = Main_iPad.storyboard;
			sourceTree = "<group>";
		};
		725DD445183FEB81004EAA92 /* InfoPlist.strings */ = {
			isa = PBXVariantGroup;
			children = (
				725DD446183FEB81004EAA92 /* en */,
			);
			name = InfoPlist.strings;
			sourceTree = "<group>";
		};
/* End PBXVariantGroup section */

/* Begin XCBuildConfiguration section */
		725DD44A183FEB81004EAA92 /* Debug */ = {
			isa = XCBuildConfiguration;
			buildSettings = {
				ALWAYS_SEARCH_USER_PATHS = NO;
				ARCHS = "$(ARCHS_STANDARD_INCLUDING_64_BIT)";
				CLANG_CXX_LANGUAGE_STANDARD = "gnu++0x";
				CLANG_CXX_LIBRARY = "libc++";
				CLANG_ENABLE_MODULES = YES;
				CLANG_ENABLE_OBJC_ARC = YES;
				CLANG_WARN_BOOL_CONVERSION = YES;
				CLANG_WARN_CONSTANT_CONVERSION = YES;
				CLANG_WARN_DIRECT_OBJC_ISA_USAGE = YES_ERROR;
				CLANG_WARN_EMPTY_BODY = YES;
				CLANG_WARN_ENUM_CONVERSION = YES;
				CLANG_WARN_INT_CONVERSION = YES;
				CLANG_WARN_OBJC_ROOT_CLASS = YES_ERROR;
				CLANG_WARN__DUPLICATE_METHOD_MATCH = YES;
				"CODE_SIGN_IDENTITY[sdk=iphoneos*]" = "iPhone Developer";
				COPY_PHASE_STRIP = NO;
				GCC_C_LANGUAGE_STANDARD = gnu99;
				GCC_DYNAMIC_NO_PIC = NO;
				GCC_OPTIMIZATION_LEVEL = 0;
				GCC_PREPROCESSOR_DEFINITIONS = (
					"DEBUG=1",
					"$(inherited)",
				);
				GCC_SYMBOLS_PRIVATE_EXTERN = NO;
				GCC_WARN_64_TO_32_BIT_CONVERSION = YES;
				GCC_WARN_ABOUT_RETURN_TYPE = YES_ERROR;
				GCC_WARN_UNDECLARED_SELECTOR = YES;
				GCC_WARN_UNINITIALIZED_AUTOS = YES;
				GCC_WARN_UNUSED_FUNCTION = YES;
				GCC_WARN_UNUSED_VARIABLE = YES;
				IPHONEOS_DEPLOYMENT_TARGET = 7.0;
				ONLY_ACTIVE_ARCH = YES;
				SDKROOT = iphoneos;
				TARGETED_DEVICE_FAMILY = "1,2";
			};
			name = Debug;
		};
		725DD44B183FEB81004EAA92 /* Release */ = {
			isa = XCBuildConfiguration;
			buildSettings = {
				ALWAYS_SEARCH_USER_PATHS = NO;
				ARCHS = "$(ARCHS_STANDARD_INCLUDING_64_BIT)";
				CLANG_CXX_LANGUAGE_STANDARD = "gnu++0x";
				CLANG_CXX_LIBRARY = "libc++";
				CLANG_ENABLE_MODULES = YES;
				CLANG_ENABLE_OBJC_ARC = YES;
				CLANG_WARN_BOOL_CONVERSION = YES;
				CLANG_WARN_CONSTANT_CONVERSION = YES;
				CLANG_WARN_DIRECT_OBJC_ISA_USAGE = YES_ERROR;
				CLANG_WARN_EMPTY_BODY = YES;
				CLANG_WARN_ENUM_CONVERSION = YES;
				CLANG_WARN_INT_CONVERSION = YES;
				CLANG_WARN_OBJC_ROOT_CLASS = YES_ERROR;
				CLANG_WARN__DUPLICATE_METHOD_MATCH = YES;
				"CODE_SIGN_IDENTITY[sdk=iphoneos*]" = "iPhone Developer";
				COPY_PHASE_STRIP = YES;
				ENABLE_NS_ASSERTIONS = NO;
				GCC_C_LANGUAGE_STANDARD = gnu99;
				GCC_WARN_64_TO_32_BIT_CONVERSION = YES;
				GCC_WARN_ABOUT_RETURN_TYPE = YES_ERROR;
				GCC_WARN_UNDECLARED_SELECTOR = YES;
				GCC_WARN_UNINITIALIZED_AUTOS = YES;
				GCC_WARN_UNUSED_FUNCTION = YES;
				GCC_WARN_UNUSED_VARIABLE = YES;
				IPHONEOS_DEPLOYMENT_TARGET = 7.0;
				SDKROOT = iphoneos;
				TARGETED_DEVICE_FAMILY = "1,2";
				VALIDATE_PRODUCT = YES;
			};
			name = Release;
		};
		725DD44D183FEB81004EAA92 /* Debug */ = {
			isa = XCBuildConfiguration;
			buildSettings = {
				ASSETCATALOG_COMPILER_APPICON_NAME = AppIcon;
				ASSETCATALOG_COMPILER_LAUNCHIMAGE_NAME = LaunchImage;
				GCC_PRECOMPILE_PREFIX_HEADER = YES;
				GCC_PREFIX_HEADER = "iCounselor2/iCounselor2-Prefix.pch";
				INFOPLIST_FILE = "iCounselor2/iCounselor2-Info.plist";
				PRODUCT_NAME = "$(TARGET_NAME)";
				WRAPPER_EXTENSION = app;
			};
			name = Debug;
		};
		725DD44E183FEB81004EAA92 /* Release */ = {
			isa = XCBuildConfiguration;
			buildSettings = {
				ASSETCATALOG_COMPILER_APPICON_NAME = AppIcon;
				ASSETCATALOG_COMPILER_LAUNCHIMAGE_NAME = LaunchImage;
				GCC_PRECOMPILE_PREFIX_HEADER = YES;
				GCC_PREFIX_HEADER = "iCounselor2/iCounselor2-Prefix.pch";
				INFOPLIST_FILE = "iCounselor2/iCounselor2-Info.plist";
				PRODUCT_NAME = "$(TARGET_NAME)";
				WRAPPER_EXTENSION = app;
			};
			name = Release;
		};
		725DD450183FEB81004EAA92 /* Debug */ = {
			isa = XCBuildConfiguration;
			buildSettings = {
				ARCHS = "$(ARCHS_STANDARD_INCLUDING_64_BIT)";
				BUNDLE_LOADER = "$(BUILT_PRODUCTS_DIR)/iCounselor2.app/iCounselor2";
				FRAMEWORK_SEARCH_PATHS = (
					"$(SDKROOT)/Developer/Library/Frameworks",
					"$(inherited)",
					"$(DEVELOPER_FRAMEWORKS_DIR)",
				);
				GCC_PRECOMPILE_PREFIX_HEADER = YES;
				GCC_PREFIX_HEADER = "iCounselor2/iCounselor2-Prefix.pch";
				GCC_PREPROCESSOR_DEFINITIONS = (
					"DEBUG=1",
					"$(inherited)",
				);
				INFOPLIST_FILE = "iCounselor2Tests/iCounselor2Tests-Info.plist";
				PRODUCT_NAME = "$(TARGET_NAME)";
				TEST_HOST = "$(BUNDLE_LOADER)";
				WRAPPER_EXTENSION = xctest;
			};
			name = Debug;
		};
		725DD451183FEB81004EAA92 /* Release */ = {
			isa = XCBuildConfiguration;
			buildSettings = {
				ARCHS = "$(ARCHS_STANDARD_INCLUDING_64_BIT)";
				BUNDLE_LOADER = "$(BUILT_PRODUCTS_DIR)/iCounselor2.app/iCounselor2";
				FRAMEWORK_SEARCH_PATHS = (
					"$(SDKROOT)/Developer/Library/Frameworks",
					"$(inherited)",
					"$(DEVELOPER_FRAMEWORKS_DIR)",
				);
				GCC_PRECOMPILE_PREFIX_HEADER = YES;
				GCC_PREFIX_HEADER = "iCounselor2/iCounselor2-Prefix.pch";
				INFOPLIST_FILE = "iCounselor2Tests/iCounselor2Tests-Info.plist";
				PRODUCT_NAME = "$(TARGET_NAME)";
				TEST_HOST = "$(BUNDLE_LOADER)";
				WRAPPER_EXTENSION = xctest;
			};
			name = Release;
		};
/* End XCBuildConfiguration section */

/* Begin XCConfigurationList section */
		725DD409183FEB80004EAA92 /* Build configuration list for PBXProject "iCounselor2" */ = {
			isa = XCConfigurationList;
			buildConfigurations = (
				725DD44A183FEB81004EAA92 /* Debug */,
				725DD44B183FEB81004EAA92 /* Release */,
			);
			defaultConfigurationIsVisible = 0;
			defaultConfigurationName = Release;
		};
		725DD44C183FEB81004EAA92 /* Build configuration list for PBXNativeTarget "iCounselor2" */ = {
			isa = XCConfigurationList;
			buildConfigurations = (
				725DD44D183FEB81004EAA92 /* Debug */,
				725DD44E183FEB81004EAA92 /* Release */,
			);
			defaultConfigurationIsVisible = 0;
		};
		725DD44F183FEB81004EAA92 /* Build configuration list for PBXNativeTarget "iCounselor2Tests" */ = {
			isa = XCConfigurationList;
			buildConfigurations = (
				725DD450183FEB81004EAA92 /* Debug */,
				725DD451183FEB81004EAA92 /* Release */,
			);
			defaultConfigurationIsVisible = 0;
		};
/* End XCConfigurationList section */

/* Begin XCVersionGroup section */
		725DD42B183FEB80004EAA92 /* iCounselor2.xcdatamodeld */ = {
			isa = XCVersionGroup;
			children = (
				725DD42C183FEB80004EAA92 /* iCounselor2.xcdatamodel */,
			);
			currentVersion = 725DD42C183FEB80004EAA92 /* iCounselor2.xcdatamodel */;
			path = iCounselor2.xcdatamodeld;
			sourceTree = "<group>";
			versionGroupType = wrapper.xcdatamodel;
		};
/* End XCVersionGroup section */
	};
	rootObject = 725DD406183FEB80004EAA92 /* Project object */;
}
